
Microsoft Visual Studio Solution File, Format Version 12.00
# Visual Studio Version 16
VisualStudioVersion = 16.0.29709.97
MinimumVisualStudioVersion = 10.0.40219.1
Project("{FAE04EC0-301F-11D3-BF4B-00C04F79EFBC}") = "RoslynPad.Roslyn", "RoslynPad.Roslyn\RoslynPad.Roslyn.csproj", "{D1902BBC-351B-499C-ADAC-BFDFD69AD161}"
EndProject
Project("{FAE04EC0-301F-11D3-BF4B-00C04F79EFBC}") = "RoslynPad.Roslyn.Windows", "RoslynPad.Roslyn.Windows\RoslynPad.Roslyn.Windows.csproj", "{76DF1B10-4362-4090-91A4-FE5E65D6F9DA}"
EndProject
Project("{FAE04EC0-301F-11D3-BF4B-00C04F79EFBC}") = "RoslynPad.Editor.Windows", "RoslynPad.Editor.Windows\RoslynPad.Editor.Windows.csproj", "{0C0C1143-5CF8-44AE-BC67-1186A20D0A3C}"
EndProject
Project("{FAE04EC0-301F-11D3-BF4B-00C04F79EFBC}") = "RoslynPad.Sample.WPF", "RoslynPad.Sample.WPF\RoslynPad.Sample.WPF.csproj", "{5204A179-43BF-4A18-9F97-DD95BA9B4F3F}"
EndProject
Global
	GlobalSection(SolutionConfigurationPlatforms) = preSolution
		Debug|x64 = Debug|x64
		Release|x64 = Release|x64
	EndGlobalSection
	GlobalSection(ProjectConfigurationPlatforms) = postSolution
		{D1902BBC-351B-499C-ADAC-BFDFD69AD161}.Debug|x64.ActiveCfg = Debug|Any CPU
		{D1902BBC-351B-499C-ADAC-BFDFD69AD161}.Debug|x64.Build.0 = Debug|Any CPU
		{D1902BBC-351B-499C-ADAC-BFDFD69AD161}.Release|x64.ActiveCfg = Release|x64
		{D1902BBC-351B-499C-ADAC-BFDFD69AD161}.Release|x64.Build.0 = Release|x64
		{76DF1B10-4362-4090-91A4-FE5E65D6F9DA}.Debug|x64.ActiveCfg = Debug|Any CPU
		{76DF1B10-4362-4090-91A4-FE5E65D6F9DA}.Debug|x64.Build.0 = Debug|Any CPU
		{76DF1B10-4362-4090-91A4-FE5E65D6F9DA}.Release|x64.ActiveCfg = Release|x64
		{76DF1B10-4362-4090-91A4-FE5E65D6F9DA}.Release|x64.Build.0 = Release|x64
		{0C0C1143-5CF8-44AE-BC67-1186A20D0A3C}.Debug|x64.ActiveCfg = Debug|Any CPU
		{0C0C1143-5CF8-44AE-BC67-1186A20D0A3C}.Debug|x64.Build.0 = Debug|Any CPU
		{0C0C1143-5CF8-44AE-BC67-1186A20D0A3C}.Release|x64.ActiveCfg = Release|x64
		{0C0C1143-5CF8-44AE-BC67-1186A20D0A3C}.Release|x64.Build.0 = Release|x64
		{5204A179-43BF-4A18-9F97-DD95BA9B4F3F}.Debug|x64.ActiveCfg = Debug|Any CPU
		{5204A179-43BF-4A18-9F97-DD95BA9B4F3F}.Debug|x64.Build.0 = Debug|Any CPU
		{5204A179-43BF-4A18-9F97-DD95BA9B4F3F}.Release|x64.ActiveCfg = Release|x64
		{5204A179-43BF-4A18-9F97-DD95BA9B4F3F}.Release|x64.Build.0 = Release|x64
	EndGlobalSection
	GlobalSection(SolutionProperties) = preSolution
		HideSolutionNode = FALSE
	EndGlobalSection
	GlobalSection(ExtensibilityGlobals) = postSolution
		SolutionGuid = {454E518E-6805-40BB-A7FE-C0BBA6B139E0}
	EndGlobalSection
EndGlobal
